
Microsoft Visual Studio Solution File, Format Version 12.00
# Visual Studio Version 16
VisualStudioVersion = 16.0.30621.155
MinimumVisualStudioVersion = 10.0.40219.1
Project("{9A19103F-16F7-4668-BE54-9A1E7A4F7556}") = "CalcSalary", "CalcSalary\CalcSalary.csproj", "{BF92947A-6397-437C-BEA5-A7C3D814C848}"
EndProject
Global
	GlobalSection(SolutionConfigurationPlatforms) = preSolution
		Debug|Any CPU = Debug|Any CPU
		Release|Any CPU = Release|Any CPU
	EndGlobalSection
	GlobalSection(ProjectConfigurationPlatforms) = postSolution
		{BF92947A-6397-437C-BEA5-A7C3D814C848}.Debug|Any CPU.ActiveCfg = Debug|Any CPU
		{BF92947A-6397-437C-BEA5-A7C3D814C848}.Debug|Any CPU.Build.0 = Debug|Any CPU
		{BF92947A-6397-437C-BEA5-A7C3D814C848}.Release|Any CPU.ActiveCfg = Release|Any CPU
		{BF92947A-6397-437C-BEA5-A7C3D814C848}.Release|Any CPU.Build.0 = Release|Any CPU
	EndGlobalSection
	GlobalSection(SolutionProperties) = preSolution
		HideSolutionNode = FALSE
	EndGlobalSection
	GlobalSection(ExtensibilityGlobals) = postSolution
		SolutionGuid = {0C5C499F-3B4C-482E-98D9-2323455CB5DB}
	EndGlobalSection
EndGlobal
